
Microsoft Visual Studio Solution File, Format Version 12.00
# Visual Studio Version 17
VisualStudioVersion = 17.0.31903.59
MinimumVisualStudioVersion = 10.0.40219.1
Project("{FAE04EC0-301F-11D3-BF4B-00C04F79EFBC}") = "ScopedLoggingDemo", "ScopedLoggingDemo\ScopedLoggingDemo.csproj", "{D18C2DD9-11FF-43F8-9579-2B4997AC34A6}"
EndProject
Global
	GlobalSection(SolutionConfigurationPlatforms) = preSolution
		Debug|Any CPU = Debug|Any CPU
		Release|Any CPU = Release|Any CPU
	EndGlobalSection
	GlobalSection(ProjectConfigurationPlatforms) = postSolution
		{D18C2DD9-11FF-43F8-9579-2B4997AC34A6}.Debug|Any CPU.ActiveCfg = Debug|Any CPU
		{D18C2DD9-11FF-43F8-9579-2B4997AC34A6}.Debug|Any CPU.Build.0 = Debug|Any CPU
		{D18C2DD9-11FF-43F8-9579-2B4997AC34A6}.Release|Any CPU.ActiveCfg = Release|Any CPU
		{D18C2DD9-11FF-43F8-9579-2B4997AC34A6}.Release|Any CPU.Build.0 = Release|Any CPU
	EndGlobalSection
	GlobalSection(SolutionProperties) = preSolution
		HideSolutionNode = FALSE
	EndGlobalSection
	GlobalSection(ExtensibilityGlobals) = postSolution
		SolutionGuid = {702F25C4-8999-470B-A62B-5F789DEF6B07}
	EndGlobalSection
EndGlobal
